
Microsoft Visual Studio Solution File, Format Version 12.00
# Visual Studio Version 16
VisualStudioVersion = 16.0.31911.196
MinimumVisualStudioVersion = 10.0.40219.1
Project("{8BC9CEB8-8B4A-11D0-8D11-00A0C91BC942}") = "OOP_Lab", "OOP_Lab.vcxproj", "{A242C8EB-49A0-45F5-A907-638382977785}"
EndProject
Global
	GlobalSection(SolutionConfigurationPlatforms) = preSolution
		Debug|x64 = Debug|x64
		Debug|x86 = Debug|x86
		Release|x64 = Release|x64
		Release|x86 = Release|x86
	EndGlobalSection
	GlobalSection(ProjectConfigurationPlatforms) = postSolution
		{A242C8EB-49A0-45F5-A907-638382977785}.Debug|x64.ActiveCfg = Debug|x64
		{A242C8EB-49A0-45F5-A907-638382977785}.Debug|x64.Build.0 = Debug|x64
		{A242C8EB-49A0-45F5-A907-638382977785}.Debug|x86.ActiveCfg = Debug|Win32
		{A242C8EB-49A0-45F5-A907-638382977785}.Debug|x86.Build.0 = Debug|Win32
		{A242C8EB-49A0-45F5-A907-638382977785}.Release|x64.ActiveCfg = Release|x64
		{A242C8EB-49A0-45F5-A907-638382977785}.Release|x64.Build.0 = Release|x64
		{A242C8EB-49A0-45F5-A907-638382977785}.Release|x86.ActiveCfg = Release|Win32
		{A242C8EB-49A0-45F5-A907-638382977785}.Release|x86.Build.0 = Release|Win32
	EndGlobalSection
	GlobalSection(SolutionProperties) = preSolution
		HideSolutionNode = FALSE
	EndGlobalSection
	GlobalSection(ExtensibilityGlobals) = postSolution
		SolutionGuid = {8AE2D4B8-877D-4E07-ADD8-7247B41FC93B}
	EndGlobalSection
EndGlobal
